
Microsoft Visual Studio Solution File, Format Version 12.00
# Visual Studio 15
VisualStudioVersion = 15.0.27130.2027
MinimumVisualStudioVersion = 10.0.40219.1
Project("{FAE04EC0-301F-11D3-BF4B-00C04F79EFBC}") = "TP 2 Restaurant", "TP 2 Restaurant\TP 2 Restaurant.csproj", "{EC6BD33E-1B94-4387-B735-0AADE3460BFB}"
EndProject
Global
	GlobalSection(SolutionConfigurationPlatforms) = preSolution
		Debug|Any CPU = Debug|Any CPU
		Release|Any CPU = Release|Any CPU
	EndGlobalSection
	GlobalSection(ProjectConfigurationPlatforms) = postSolution
		{EC6BD33E-1B94-4387-B735-0AADE3460BFB}.Debug|Any CPU.ActiveCfg = Debug|Any CPU
		{EC6BD33E-1B94-4387-B735-0AADE3460BFB}.Debug|Any CPU.Build.0 = Debug|Any CPU
		{EC6BD33E-1B94-4387-B735-0AADE3460BFB}.Release|Any CPU.ActiveCfg = Release|Any CPU
		{EC6BD33E-1B94-4387-B735-0AADE3460BFB}.Release|Any CPU.Build.0 = Release|Any CPU
	EndGlobalSection
	GlobalSection(SolutionProperties) = preSolution
		HideSolutionNode = FALSE
	EndGlobalSection
	GlobalSection(ExtensibilityGlobals) = postSolution
		SolutionGuid = {A25B6D91-0731-4821-82AD-7B9C7B15FD19}
	EndGlobalSection
EndGlobal
